// !$*UTF8*$!
{
	archiveVersion = 1;
	classes = {
	};
	objectVersion = 56;
	objects = {

/* Begin PBXBuildFile section */
		84C5DB8F2BDE345F003F45C1 /* NS_Pay_CalculatorApp.swift in Sources */ = {isa = PBXBuildFile; fileRef = 84C5DB8E2BDE345F003F45C1 /* NS_Pay_CalculatorApp.swift */; };
		84C5DB912BDE345F003F45C1 /* ContentView.swift in Sources */ = {isa = PBXBuildFile; fileRef = 84C5DB902BDE345F003F45C1 /* ContentView.swift */; };
		84C5DB932BDE3462003F45C1 /* Assets.xcassets in Resources */ = {isa = PBXBuildFile; fileRef = 84C5DB922BDE3462003F45C1 /* Assets.xcassets */; };
		84C5DB962BDE3462003F45C1 /* Preview Assets.xcassets in Resources */ = {isa = PBXBuildFile; fileRef = 84C5DB952BDE3462003F45C1 /* Preview Assets.xcassets */; };
		84C5DBA02BDE3462003F45C1 /* NS_Pay_CalculatorTests.swift in Sources */ = {isa = PBXBuildFile; fileRef = 84C5DB9F2BDE3462003F45C1 /* NS_Pay_CalculatorTests.swift */; };
		84C5DBAA2BDE3462003F45C1 /* NS_Pay_CalculatorUITests.swift in Sources */ = {isa = PBXBuildFile; fileRef = 84C5DBA92BDE3462003F45C1 /* NS_Pay_CalculatorUITests.swift */; };
		84C5DBAC2BDE3462003F45C1 /* NS_Pay_CalculatorUITestsLaunchTests.swift in Sources */ = {isa = PBXBuildFile; fileRef = 84C5DBAB2BDE3462003F45C1 /* NS_Pay_CalculatorUITestsLaunchTests.swift */; };
/* End PBXBuildFile section */

/* Begin PBXContainerItemProxy section */
		84C5DB9C2BDE3462003F45C1 /* PBXContainerItemProxy */ = {
			isa = PBXContainerItemProxy;
			containerPortal = 84C5DB832BDE345E003F45C1 /* Project object */;
			proxyType = 1;
			remoteGlobalIDString = 84C5DB8A2BDE345F003F45C1;
			remoteInfo = "NS Pay Calculator";
		};
		84C5DBA62BDE3462003F45C1 /* PBXContainerItemProxy */ = {
			isa = PBXContainerItemProxy;
			containerPortal = 84C5DB832BDE345E003F45C1 /* Project object */;
			proxyType = 1;
			remoteGlobalIDString = 84C5DB8A2BDE345F003F45C1;
			remoteInfo = "NS Pay Calculator";
		};
/* End PBXContainerItemProxy section */

/* Begin PBXFileReference section */
		84C5DB8B2BDE345F003F45C1 /* NS Pay Calculator.app */ = {isa = PBXFileReference; explicitFileType = wrapper.application; includeInIndex = 0; path = "NS Pay Calculator.app"; sourceTree = BUILT_PRODUCTS_DIR; };
		84C5DB8E2BDE345F003F45C1 /* NS_Pay_CalculatorApp.swift */ = {isa = PBXFileReference; lastKnownFileType = sourcecode.swift; path = NS_Pay_CalculatorApp.swift; sourceTree = "<group>"; };
		84C5DB902BDE345F003F45C1 /* ContentView.swift */ = {isa = PBXFileReference; lastKnownFileType = sourcecode.swift; path = ContentView.swift; sourceTree = "<group>"; };
		84C5DB922BDE3462003F45C1 /* Assets.xcassets */ = {isa = PBXFileReference; lastKnownFileType = folder.assetcatalog; path = Assets.xcassets; sourceTree = "<group>"; };
		84C5DB952BDE3462003F45C1 /* Preview Assets.xcassets */ = {isa = PBXFileReference; lastKnownFileType = folder.assetcatalog; path = "Preview Assets.xcassets"; sourceTree = "<group>"; };
		84C5DB9B2BDE3462003F45C1 /* NS Pay CalculatorTests.xctest */ = {isa = PBXFileReference; explicitFileType = wrapper.cfbundle; includeInIndex = 0; path = "NS Pay CalculatorTests.xctest"; sourceTree = BUILT_PRODUCTS_DIR; };
		84C5DB9F2BDE3462003F45C1 /* NS_Pay_CalculatorTests.swift */ = {isa = PBXFileReference; lastKnownFileType = sourcecode.swift; path = NS_Pay_CalculatorTests.swift; sourceTree = "<group>"; };
		84C5DBA52BDE3462003F45C1 /* NS Pay CalculatorUITests.xctest */ = {isa = PBXFileReference; explicitFileType = wrapper.cfbundle; includeInIndex = 0; path = "NS Pay CalculatorUITests.xctest"; sourceTree = BUILT_PRODUCTS_DIR; };
		84C5DBA92BDE3462003F45C1 /* NS_Pay_CalculatorUITests.swift */ = {isa = PBXFileReference; lastKnownFileType = sourcecode.swift; path = NS_Pay_CalculatorUITests.swift; sourceTree = "<group>"; };
		84C5DBAB2BDE3462003F45C1 /* NS_Pay_CalculatorUITestsLaunchTests.swift */ = {isa = PBXFileReference; lastKnownFileType = sourcecode.swift; path = NS_Pay_CalculatorUITestsLaunchTests.swift; sourceTree = "<group>"; };
/* End PBXFileReference section */

/* Begin PBXFrameworksBuildPhase section */
		84C5DB882BDE345F003F45C1 /* Frameworks */ = {
			isa = PBXFrameworksBuildPhase;
			buildActionMask = 2147483647;
			files = (
			);
			runOnlyForDeploymentPostprocessing = 0;
		};
		84C5DB982BDE3462003F45C1 /* Frameworks */ = {
			isa = PBXFrameworksBuildPhase;
			buildActionMask = 2147483647;
			files = (
			);
			runOnlyForDeploymentPostprocessing = 0;
		};
		84C5DBA22BDE3462003F45C1 /* Frameworks */ = {
			isa = PBXFrameworksBuildPhase;
			buildActionMask = 2147483647;
			files = (
			);
			runOnlyForDeploymentPostprocessing = 0;
		};
/* End PBXFrameworksBuildPhase section */

/* Begin PBXGroup section */
		84C5DB822BDE345E003F45C1 = {
			isa = PBXGroup;
			children = (
				84C5DB8D2BDE345F003F45C1 /* NS Pay Calculator */,
				84C5DB9E2BDE3462003F45C1 /* NS Pay CalculatorTests */,
				84C5DBA82BDE3462003F45C1 /* NS Pay CalculatorUITests */,
				84C5DB8C2BDE345F003F45C1 /* Products */,
			);
			sourceTree = "<group>";
		};
		84C5DB8C2BDE345F003F45C1 /* Products */ = {
			isa = PBXGroup;
			children = (
				84C5DB8B2BDE345F003F45C1 /* NS Pay Calculator.app */,
				84C5DB9B2BDE3462003F45C1 /* NS Pay CalculatorTests.xctest */,
				84C5DBA52BDE3462003F45C1 /* NS Pay CalculatorUITests.xctest */,
			);
			name = Products;
			sourceTree = "<group>";
		};
		84C5DB8D2BDE345F003F45C1 /* NS Pay Calculator */ = {
			isa = PBXGroup;
			children = (
				84C5DB8E2BDE345F003F45C1 /* NS_Pay_CalculatorApp.swift */,
				84C5DB902BDE345F003F45C1 /* ContentView.swift */,
				84C5DB922BDE3462003F45C1 /* Assets.xcassets */,
				84C5DB942BDE3462003F45C1 /* Preview Content */,
			);
			path = "NS Pay Calculator";
			sourceTree = "<group>";
		};
		84C5DB942BDE3462003F45C1 /* Preview Content */ = {
			isa = PBXGroup;
			children = (
				84C5DB952BDE3462003F45C1 /* Preview Assets.xcassets */,
			);
			path = "Preview Content";
			sourceTree = "<group>";
		};
		84C5DB9E2BDE3462003F45C1 /* NS Pay CalculatorTests */ = {
			isa = PBXGroup;
			children = (
				84C5DB9F2BDE3462003F45C1 /* NS_Pay_CalculatorTests.swift */,
			);
			path = "NS Pay CalculatorTests";
			sourceTree = "<group>";
		};
		84C5DBA82BDE3462003F45C1 /* NS Pay CalculatorUITests */ = {
			isa = PBXGroup;
			children = (
				84C5DBA92BDE3462003F45C1 /* NS_Pay_CalculatorUITests.swift */,
				84C5DBAB2BDE3462003F45C1 /* NS_Pay_CalculatorUITestsLaunchTests.swift */,
			);
			path = "NS Pay CalculatorUITests";
			sourceTree = "<group>";
		};
/* End PBXGroup section */

/* Begin PBXNativeTarget section */
		84C5DB8A2BDE345F003F45C1 /* NS Pay Calculator */ = {
			isa = PBXNativeTarget;
			buildConfigurationList = 84C5DBAF2BDE3462003F45C1 /* Build configuration list for PBXNativeTarget "NS Pay Calculator" */;
			buildPhases = (
				84C5DB872BDE345F003F45C1 /* Sources */,
				84C5DB882BDE345F003F45C1 /* Frameworks */,
				84C5DB892BDE345F003F45C1 /* Resources */,
			);
			buildRules = (
			);
			dependencies = (
			);
			name = "NS Pay Calculator";
			productName = "NS Pay Calculator";
			productReference = 84C5DB8B2BDE345F003F45C1 /* NS Pay Calculator.app */;
			productType = "com.apple.product-type.application";
		};
		84C5DB9A2BDE3462003F45C1 /* NS Pay CalculatorTests */ = {
			isa = PBXNativeTarget;
			buildConfigurationList = 84C5DBB22BDE3462003F45C1 /* Build configuration list for PBXNativeTarget "NS Pay CalculatorTests" */;
			buildPhases = (
				84C5DB972BDE3462003F45C1 /* Sources */,
				84C5DB982BDE3462003F45C1 /* Frameworks */,
				84C5DB992BDE3462003F45C1 /* Resources */,
			);
			buildRules = (
			);
			dependencies = (
				84C5DB9D2BDE3462003F45C1 /* PBXTargetDependency */,
			);
			name = "NS Pay CalculatorTests";
			productName = "NS Pay CalculatorTests";
			productReference = 84C5DB9B2BDE3462003F45C1 /* NS Pay CalculatorTests.xctest */;
			productType = "com.apple.product-type.bundle.unit-test";
		};
		84C5DBA42BDE3462003F45C1 /* NS Pay CalculatorUITests */ = {
			isa = PBXNativeTarget;
			buildConfigurationList = 84C5DBB52BDE3462003F45C1 /* Build configuration list for PBXNativeTarget "NS Pay CalculatorUITests" */;
			buildPhases = (
				84C5DBA12BDE3462003F45C1 /* Sources */,
				84C5DBA22BDE3462003F45C1 /* Frameworks */,
				84C5DBA32BDE3462003F45C1 /* Resources */,
			);
			buildRules = (
			);
			dependencies = (
				84C5DBA72BDE3462003F45C1 /* PBXTargetDependency */,
			);
			name = "NS Pay CalculatorUITests";
			productName = "NS Pay CalculatorUITests";
			productReference = 84C5DBA52BDE3462003F45C1 /* NS Pay CalculatorUITests.xctest */;
			productType = "com.apple.product-type.bundle.ui-testing";
		};
/* End PBXNativeTarget section */

/* Begin PBXProject section */
		84C5DB832BDE345E003F45C1 /* Project object */ = {
			isa = PBXProject;
			attributes = {
				BuildIndependentTargetsInParallel = 1;
				LastSwiftUpdateCheck = 1530;
				LastUpgradeCheck = 1530;
				TargetAttributes = {
					84C5DB8A2BDE345F003F45C1 = {
						CreatedOnToolsVersion = 15.3;
					};
					84C5DB9A2BDE3462003F45C1 = {
						CreatedOnToolsVersion = 15.3;
						TestTargetID = 84C5DB8A2BDE345F003F45C1;
					};
					84C5DBA42BDE3462003F45C1 = {
						CreatedOnToolsVersion = 15.3;
						TestTargetID = 84C5DB8A2BDE345F003F45C1;
					};
				};
			};
			buildConfigurationList = 84C5DB862BDE345E003F45C1 /* Build configuration list for PBXProject "NS Pay Calculator" */;
			compatibilityVersion = "Xcode 14.0";
			developmentRegion = en;
			hasScannedForEncodings = 0;
			knownRegions = (
				en,
				Base,
			);
			mainGroup = 84C5DB822BDE345E003F45C1;
			productRefGroup = 84C5DB8C2BDE345F003F45C1 /* Products */;
			projectDirPath = "";
			projectRoot = "";
			targets = (
				84C5DB8A2BDE345F003F45C1 /* NS Pay Calculator */,
				84C5DB9A2BDE3462003F45C1 /* NS Pay CalculatorTests */,
				84C5DBA42BDE3462003F45C1 /* NS Pay CalculatorUITests */,
			);
		};
/* End PBXProject section */

/* Begin PBXResourcesBuildPhase section */
		84C5DB892BDE345F003F45C1 /* Resources */ = {
			isa = PBXResourcesBuildPhase;
			buildActionMask = 2147483647;
			files = (
				84C5DB962BDE3462003F45C1 /* Preview Assets.xcassets in Resources */,
				84C5DB932BDE3462003F45C1 /* Assets.xcassets in Resources */,
			);
			runOnlyForDeploymentPostprocessing = 0;
		};
		84C5DB992BDE3462003F45C1 /* Resources */ = {
			isa = PBXResourcesBuildPhase;
			buildActionMask = 2147483647;
			files = (
			);
			runOnlyForDeploymentPostprocessing = 0;
		};
		84C5DBA32BDE3462003F45C1 /* Resources */ = {
			isa = PBXResourcesBuildPhase;
			buildActionMask = 2147483647;
			files = (
			);
			runOnlyForDeploymentPostprocessing = 0;
		};
/* End PBXResourcesBuildPhase section */

/* Begin PBXSourcesBuildPhase section */
		84C5DB872BDE345F003F45C1 /* Sources */ = {
			isa = PBXSourcesBuildPhase;
			buildActionMask = 2147483647;
			files = (
				84C5DB912BDE345F003F45C1 /* ContentView.swift in Sources */,
				84C5DB8F2BDE345F003F45C1 /* NS_Pay_CalculatorApp.swift in Sources */,
			);
			runOnlyForDeploymentPostprocessing = 0;
		};
		84C5DB972BDE3462003F45C1 /* Sources */ = {
			isa = PBXSourcesBuildPhase;
			buildActionMask = 2147483647;
			files = (
				84C5DBA02BDE3462003F45C1 /* NS_Pay_CalculatorTests.swift in Sources */,
			);
			runOnlyForDeploymentPostprocessing = 0;
		};
		84C5DBA12BDE3462003F45C1 /* Sources */ = {
			isa = PBXSourcesBuildPhase;
			buildActionMask = 2147483647;
			files = (
				84C5DBAC2BDE3462003F45C1 /* NS_Pay_CalculatorUITestsLaunchTests.swift in Sources */,
				84C5DBAA2BDE3462003F45C1 /* NS_Pay_CalculatorUITests.swift in Sources */,
			);
			runOnlyForDeploymentPostprocessing = 0;
		};
/* End PBXSourcesBuildPhase section */

/* Begin PBXTargetDependency section */
		84C5DB9D2BDE3462003F45C1 /* PBXTargetDependency */ = {
			isa = PBXTargetDependency;
			target = 84C5DB8A2BDE345F003F45C1 /* NS Pay Calculator */;
			targetProxy = 84C5DB9C2BDE3462003F45C1 /* PBXContainerItemProxy */;
		};
		84C5DBA72BDE3462003F45C1 /* PBXTargetDependency */ = {
			isa = PBXTargetDependency;
			target = 84C5DB8A2BDE345F003F45C1 /* NS Pay Calculator */;
			targetProxy = 84C5DBA62BDE3462003F45C1 /* PBXContainerItemProxy */;
		};
/* End PBXTargetDependency section */

/* Begin XCBuildConfiguration section */
		84C5DBAD2BDE3462003F45C1 /* Debug */ = {
			isa = XCBuildConfiguration;
			buildSettings = {
				ALWAYS_SEARCH_USER_PATHS = NO;
				ASSETCATALOG_COMPILER_GENERATE_SWIFT_ASSET_SYMBOL_EXTENSIONS = YES;
				CLANG_ANALYZER_NONNULL = YES;
				CLANG_ANALYZER_NUMBER_OBJECT_CONVERSION = YES_AGGRESSIVE;
				CLANG_CXX_LANGUAGE_STANDARD = "gnu++20";
				CLANG_ENABLE_MODULES = YES;
				CLANG_ENABLE_OBJC_ARC = YES;
				CLANG_ENABLE_OBJC_WEAK = YES;
				CLANG_WARN_BLOCK_CAPTURE_AUTORELEASING = YES;
				CLANG_WARN_BOOL_CONVERSION = YES;
				CLANG_WARN_COMMA = YES;
				CLANG_WARN_CONSTANT_CONVERSION = YES;
				CLANG_WARN_DEPRECATED_OBJC_IMPLEMENTATIONS = YES;
				CLANG_WARN_DIRECT_OBJC_ISA_USAGE = YES_ERROR;
				CLANG_WARN_DOCUMENTATION_COMMENTS = YES;
				CLANG_WARN_EMPTY_BODY = YES;
				CLANG_WARN_ENUM_CONVERSION = YES;
				CLANG_WARN_INFINITE_RECURSION = YES;
				CLANG_WARN_INT_CONVERSION = YES;
				CLANG_WARN_NON_LITERAL_NULL_CONVERSION = YES;
				CLANG_WARN_OBJC_IMPLICIT_RETAIN_SELF = YES;
				CLANG_WARN_OBJC_LITERAL_CONVERSION = YES;
				CLANG_WARN_OBJC_ROOT_CLASS = YES_ERROR;
				CLANG_WARN_QUOTED_INCLUDE_IN_FRAMEWORK_HEADER = YES;
				CLANG_WARN_RANGE_LOOP_ANALYSIS = YES;
				CLANG_WARN_STRICT_PROTOTYPES = YES;
				CLANG_WARN_SUSPICIOUS_MOVE = YES;
				CLANG_WARN_UNGUARDED_AVAILABILITY = YES_AGGRESSIVE;
				CLANG_WARN_UNREACHABLE_CODE = YES;
				CLANG_WARN__DUPLICATE_METHOD_MATCH = YES;
				COPY_PHASE_STRIP = NO;
				DEBUG_INFORMATION_FORMAT = dwarf;
				ENABLE_STRICT_OBJC_MSGSEND = YES;
				ENABLE_TESTABILITY = YES;
				ENABLE_USER_SCRIPT_SANDBOXING = YES;
				GCC_C_LANGUAGE_STANDARD = gnu17;
				GCC_DYNAMIC_NO_PIC = NO;
				GCC_NO_COMMON_BLOCKS = YES;
				GCC_OPTIMIZATION_LEVEL = 0;
				GCC_PREPROCESSOR_DEFINITIONS = (
					"DEBUG=1",
					"$(inherited)",
				);
				GCC_WARN_64_TO_32_BIT_CONVERSION = YES;
				GCC_WARN_ABOUT_RETURN_TYPE = YES_ERROR;
				GCC_WARN_UNDECLARED_SELECTOR = YES;
				GCC_WARN_UNINITIALIZED_AUTOS = YES_AGGRESSIVE;
				GCC_WARN_UNUSED_FUNCTION = YES;
				GCC_WARN_UNUSED_VARIABLE = YES;
				IPHONEOS_DEPLOYMENT_TARGET = 17.4;
				LOCALIZATION_PREFERS_STRING_CATALOGS = YES;
				MTL_ENABLE_DEBUG_INFO = INCLUDE_SOURCE;
				MTL_FAST_MATH = YES;
				ONLY_ACTIVE_ARCH = YES;
				SDKROOT = iphoneos;
				SWIFT_ACTIVE_COMPILATION_CONDITIONS = "DEBUG $(inherited)";
				SWIFT_OPTIMIZATION_LEVEL = "-Onone";
			};
			name = Debug;
		};
		84C5DBAE2BDE3462003F45C1 /* Release */ = {
			isa = XCBuildConfiguration;
			buildSettings = {
				ALWAYS_SEARCH_USER_PATHS = NO;
				ASSETCATALOG_COMPILER_GENERATE_SWIFT_ASSET_SYMBOL_EXTENSIONS = YES;
				CLANG_ANALYZER_NONNULL = YES;
				CLANG_ANALYZER_NUMBER_OBJECT_CONVERSION = YES_AGGRESSIVE;
				CLANG_CXX_LANGUAGE_STANDARD = "gnu++20";
				CLANG_ENABLE_MODULES = YES;
				CLANG_ENABLE_OBJC_ARC = YES;
				CLANG_ENABLE_OBJC_WEAK = YES;
				CLANG_WARN_BLOCK_CAPTURE_AUTORELEASING = YES;
				CLANG_WARN_BOOL_CONVERSION = YES;
				CLANG_WARN_COMMA = YES;
				CLANG_WARN_CONSTANT_CONVERSION = YES;
				CLANG_WARN_DEPRECATED_OBJC_IMPLEMENTATIONS = YES;
				CLANG_WARN_DIRECT_OBJC_ISA_USAGE = YES_ERROR;
				CLANG_WARN_DOCUMENTATION_COMMENTS = YES;
				CLANG_WARN_EMPTY_BODY = YES;
				CLANG_WARN_ENUM_CONVERSION = YES;
				CLANG_WARN_INFINITE_RECURSION = YES;
				CLANG_WARN_INT_CONVERSION = YES;
				CLANG_WARN_NON_LITERAL_NULL_CONVERSION = YES;
				CLANG_WARN_OBJC_IMPLICIT_RETAIN_SELF = YES;
				CLANG_WARN_OBJC_LITERAL_CONVERSION = YES;
				CLANG_WARN_OBJC_ROOT_CLASS = YES_ERROR;
				CLANG_WARN_QUOTED_INCLUDE_IN_FRAMEWORK_HEADER = YES;
				CLANG_WARN_RANGE_LOOP_ANALYSIS = YES;
				CLANG_WARN_STRICT_PROTOTYPES = YES;
				CLANG_WARN_SUSPICIOUS_MOVE = YES;
				CLANG_WARN_UNGUARDED_AVAILABILITY = YES_AGGRESSIVE;
				CLANG_WARN_UNREACHABLE_CODE = YES;
				CLANG_WARN__DUPLICATE_METHOD_MATCH = YES;
				COPY_PHASE_STRIP = NO;
				DEBUG_INFORMATION_FORMAT = "dwarf-with-dsym";
				ENABLE_NS_ASSERTIONS = NO;
				ENABLE_STRICT_OBJC_MSGSEND = YES;
				ENABLE_USER_SCRIPT_SANDBOXING = YES;
				GCC_C_LANGUAGE_STANDARD = gnu17;
				GCC_NO_COMMON_BLOCKS = YES;
				GCC_WARN_64_TO_32_BIT_CONVERSION = YES;
				GCC_WARN_ABOUT_RETURN_TYPE = YES_ERROR;
				GCC_WARN_UNDECLARED_SELECTOR = YES;
				GCC_WARN_UNINITIALIZED_AUTOS = YES_AGGRESSIVE;
				GCC_WARN_UNUSED_FUNCTION = YES;
				GCC_WARN_UNUSED_VARIABLE = YES;
				IPHONEOS_DEPLOYMENT_TARGET = 17.4;
				LOCALIZATION_PREFERS_STRING_CATALOGS = YES;
				MTL_ENABLE_DEBUG_INFO = NO;
				MTL_FAST_MATH = YES;
				SDKROOT = iphoneos;
				SWIFT_COMPILATION_MODE = wholemodule;
				VALIDATE_PRODUCT = YES;
			};
			name = Release;
		};
		84C5DBB02BDE3462003F45C1 /* Debug */ = {
			isa = XCBuildConfiguration;
			buildSettings = {
				ASSETCATALOG_COMPILER_APPICON_NAME = AppIcon;
				ASSETCATALOG_COMPILER_GLOBAL_ACCENT_COLOR_NAME = AccentColor;
				CODE_SIGN_STYLE = Automatic;
				CURRENT_PROJECT_VERSION = 1;
				DEVELOPMENT_ASSET_PATHS = "\"NS Pay Calculator/Preview Content\"";
				ENABLE_PREVIEWS = YES;
				GENERATE_INFOPLIST_FILE = YES;
				INFOPLIST_KEY_UIApplicationSceneManifest_Generation = YES;
				INFOPLIST_KEY_UIApplicationSupportsIndirectInputEvents = YES;
				INFOPLIST_KEY_UILaunchScreen_Generation = YES;
				INFOPLIST_KEY_UISupportedInterfaceOrientations_iPad = "UIInterfaceOrientationPortrait UIInterfaceOrientationPortraitUpsideDown UIInterfaceOrientationLandscapeLeft UIInterfaceOrientationLandscapeRight";
				INFOPLIST_KEY_UISupportedInterfaceOrientations_iPhone = "UIInterfaceOrientationPortrait UIInterfaceOrientationLandscapeLeft UIInterfaceOrientationLandscapeRight";
				LD_RUNPATH_SEARCH_PATHS = (
					"$(inherited)",
					"@executable_path/Frameworks",
				);
				MARKETING_VERSION = 1.0;
				PRODUCT_BUNDLE_IDENTIFIER = "Fade.NS-Pay-Calculator";
				PRODUCT_NAME = "$(TARGET_NAME)";
				SWIFT_EMIT_LOC_STRINGS = YES;
				SWIFT_VERSION = 5.0;
				TARGETED_DEVICE_FAMILY = "1,2";
			};
			name = Debug;
		};
		84C5DBB12BDE3462003F45C1 /* Release */ = {
			isa = XCBuildConfiguration;
			buildSettings = {
				ASSETCATALOG_COMPILER_APPICON_NAME = AppIcon;
				ASSETCATALOG_COMPILER_GLOBAL_ACCENT_COLOR_NAME = AccentColor;
				CODE_SIGN_STYLE = Automatic;
				CURRENT_PROJECT_VERSION = 1;
				DEVELOPMENT_ASSET_PATHS = "\"NS Pay Calculator/Preview Content\"";
				ENABLE_PREVIEWS = YES;
				GENERATE_INFOPLIST_FILE = YES;
				INFOPLIST_KEY_UIApplicationSceneManifest_Generation = YES;
				INFOPLIST_KEY_UIApplicationSupportsIndirectInputEvents = YES;
				INFOPLIST_KEY_UILaunchScreen_Generation = YES;
				INFOPLIST_KEY_UISupportedInterfaceOrientations_iPad = "UIInterfaceOrientationPortrait UIInterfaceOrientationPortraitUpsideDown UIInterfaceOrientationLandscapeLeft UIInterfaceOrientationLandscapeRight";
				INFOPLIST_KEY_UISupportedInterfaceOrientations_iPhone = "UIInterfaceOrientationPortrait UIInterfaceOrientationLandscapeLeft UIInterfaceOrientationLandscapeRight";
				LD_RUNPATH_SEARCH_PATHS = (
					"$(inherited)",
					"@executable_path/Frameworks",
				);
				MARKETING_VERSION = 1.0;
				PRODUCT_BUNDLE_IDENTIFIER = "Fade.NS-Pay-Calculator";
				PRODUCT_NAME = "$(TARGET_NAME)";
				SWIFT_EMIT_LOC_STRINGS = YES;
				SWIFT_VERSION = 5.0;
				TARGETED_DEVICE_FAMILY = "1,2";
			};
			name = Release;
		};
		84C5DBB32BDE3462003F45C1 /* Debug */ = {
			isa = XCBuildConfiguration;
			buildSettings = {
				ALWAYS_EMBED_SWIFT_STANDARD_LIBRARIES = YES;
				BUNDLE_LOADER = "$(TEST_HOST)";
				CODE_SIGN_STYLE = Automatic;
				CURRENT_PROJECT_VERSION = 1;
				GENERATE_INFOPLIST_FILE = YES;
				IPHONEOS_DEPLOYMENT_TARGET = 17.4;
				MARKETING_VERSION = 1.0;
				PRODUCT_BUNDLE_IDENTIFIER = "Fade.NS-Pay-CalculatorTests";
				PRODUCT_NAME = "$(TARGET_NAME)";
				SWIFT_EMIT_LOC_STRINGS = NO;
				SWIFT_VERSION = 5.0;
				TARGETED_DEVICE_FAMILY = "1,2";
				TEST_HOST = "$(BUILT_PRODUCTS_DIR)/NS Pay Calculator.app/$(BUNDLE_EXECUTABLE_FOLDER_PATH)/NS Pay Calculator";
			};
			name = Debug;
		};
		84C5DBB42BDE3462003F45C1 /* Release */ = {
			isa = XCBuildConfiguration;
			buildSettings = {
				ALWAYS_EMBED_SWIFT_STANDARD_LIBRARIES = YES;
				BUNDLE_LOADER = "$(TEST_HOST)";
				CODE_SIGN_STYLE = Automatic;
				CURRENT_PROJECT_VERSION = 1;
				GENERATE_INFOPLIST_FILE = YES;
				IPHONEOS_DEPLOYMENT_TARGET = 17.4;
				MARKETING_VERSION = 1.0;
				PRODUCT_BUNDLE_IDENTIFIER = "Fade.NS-Pay-CalculatorTests";
				PRODUCT_NAME = "$(TARGET_NAME)";
				SWIFT_EMIT_LOC_STRINGS = NO;
				SWIFT_VERSION = 5.0;
				TARGETED_DEVICE_FAMILY = "1,2";
				TEST_HOST = "$(BUILT_PRODUCTS_DIR)/NS Pay Calculator.app/$(BUNDLE_EXECUTABLE_FOLDER_PATH)/NS Pay Calculator";
			};
			name = Release;
		};
		84C5DBB62BDE3462003F45C1 /* Debug */ = {
			isa = XCBuildConfiguration;
			buildSettings = {
				ALWAYS_EMBED_SWIFT_STANDARD_LIBRARIES = YES;
				CODE_SIGN_STYLE = Automatic;
				CURRENT_PROJECT_VERSION = 1;
				GENERATE_INFOPLIST_FILE = YES;
				MARKETING_VERSION = 1.0;
				PRODUCT_BUNDLE_IDENTIFIER = "Fade.NS-Pay-CalculatorUITests";
				PRODUCT_NAME = "$(TARGET_NAME)";
				SWIFT_EMIT_LOC_STRINGS = NO;
				SWIFT_VERSION = 5.0;
				TARGETED_DEVICE_FAMILY = "1,2";
				TEST_TARGET_NAME = "NS Pay Calculator";
			};
			name = Debug;
		};
		84C5DBB72BDE3462003F45C1 /* Release */ = {
			isa = XCBuildConfiguration;
			buildSettings = {
				ALWAYS_EMBED_SWIFT_STANDARD_LIBRARIES = YES;
				CODE_SIGN_STYLE = Automatic;
				CURRENT_PROJECT_VERSION = 1;
				GENERATE_INFOPLIST_FILE = YES;
				MARKETING_VERSION = 1.0;
				PRODUCT_BUNDLE_IDENTIFIER = "Fade.NS-Pay-CalculatorUITests";
				PRODUCT_NAME = "$(TARGET_NAME)";
				SWIFT_EMIT_LOC_STRINGS = NO;
				SWIFT_VERSION = 5.0;
				TARGETED_DEVICE_FAMILY = "1,2";
				TEST_TARGET_NAME = "NS Pay Calculator";
			};
			name = Release;
		};
/* End XCBuildConfiguration section */

/* Begin XCConfigurationList section */
		84C5DB862BDE345E003F45C1 /* Build configuration list for PBXProject "NS Pay Calculator" */ = {
			isa = XCConfigurationList;
			buildConfigurations = (
				84C5DBAD2BDE3462003F45C1 /* Debug */,
				84C5DBAE2BDE3462003F45C1 /* Release */,
			);
			defaultConfigurationIsVisible = 0;
			defaultConfigurationName = Release;
		};
		84C5DBAF2BDE3462003F45C1 /* Build configuration list for PBXNativeTarget "NS Pay Calculator" */ = {
			isa = XCConfigurationList;
			buildConfigurations = (
				84C5DBB02BDE3462003F45C1 /* Debug */,
				84C5DBB12BDE3462003F45C1 /* Release */,
			);
			defaultConfigurationIsVisible = 0;
			defaultConfigurationName = Release;
		};
		84C5DBB22BDE3462003F45C1 /* Build configuration list for PBXNativeTarget "NS Pay CalculatorTests" */ = {
			isa = XCConfigurationList;
			buildConfigurations = (
				84C5DBB32BDE3462003F45C1 /* Debug */,
				84C5DBB42BDE3462003F45C1 /* Release */,
			);
			defaultConfigurationIsVisible = 0;
			defaultConfigurationName = Release;
		};
		84C5DBB52BDE3462003F45C1 /* Build configuration list for PBXNativeTarget "NS Pay CalculatorUITests" */ = {
			isa = XCConfigurationList;
			buildConfigurations = (
				84C5DBB62BDE3462003F45C1 /* Debug */,
				84C5DBB72BDE3462003F45C1 /* Release */,
			);
			defaultConfigurationIsVisible = 0;
			defaultConfigurationName = Release;
		};
/* End XCConfigurationList section */
	};
	rootObject = 84C5DB832BDE345E003F45C1 /* Project object */;
}
